<?xml version="1.0" encoding="UTF-8" standalone="yes" ?>
<CodeBlocks_project_file>
	<FileVersion major="1" minor="6" />
	<Project>
		<Option title="Kaillera Client 64 bits" />
		<Option execution_dir="../bin/" />
		<Option pch_mode="2" />
		<Option compiler="gnu_gcc_compiler_ucrt_64_bits" />
		<Build>
			<Target title="Release ESP">
				<Option output="../bin/kaillera/kailleraclient_esp" prefix_auto="1" extension_auto="1" />
				<Option working_dir="./" />
				<Option object_output="../obj/esp_64bits" />
				<Option type="3" />
				<Option compiler="gnu_gcc_compiler_ucrt_64_bits" />
				<Option createDefFile="1" />
				<Option createStaticLib="1" />
				<Compiler>
					<Add option="-O3" />
					<Add option="-std=c17" />
					<Add option="-march=x86-64" />
					<Add option="-DMEISEI_ESP" />
					<Add directory="C:/msys64/ucrt64/include" />
				</Compiler>
				<Linker>
					<Add option="-s" />
					<Add option="-static" />
					<Add option="-mwindows" />
					<Add option="-lkernel32" />
					<Add option="-luser32" />
					<Add option="-lgdi32" />
					<Add option="-lwinspool" />
					<Add option="-lcomdlg32" />
					<Add option="-ladvapi32" />
					<Add option="-lshell32" />
					<Add option="-lole32" />
					<Add option="-loleaut32" />
					<Add option="-luuid" />
					<Add option="-lodbc32" />
					<Add option="-lodbccp32" />
					<Add option="-lws2_32" />
					<Add option="-lcomctl32" />
					<Add directory="C:/msys64/ucrt64/lib" />
				</Linker>
			</Target>
			<Target title="Release ENG">
				<Option output="../bin/kaillera/kailleraclient_eng" prefix_auto="1" extension_auto="1" />
				<Option working_dir="./" />
				<Option object_output="../obj/eng_64bits" />
				<Option type="3" />
				<Option compiler="gnu_gcc_compiler_ucrt_64_bits" />
				<Option createDefFile="1" />
				<Option createStaticLib="1" />
				<Compiler>
					<Add option="-O3" />
					<Add option="-std=c17" />
					<Add option="-march=x86-64" />
					<Add option="-DMEISEI_ESP" />
					<Add directory="C:/msys64/ucrt64/include" />
				</Compiler>
				<Linker>
					<Add option="-s" />
					<Add option="-static" />
					<Add option="-mwindows" />
					<Add option="-lkernel32" />
					<Add option="-luser32" />
					<Add option="-lgdi32" />
					<Add option="-lwinspool" />
					<Add option="-lcomdlg32" />
					<Add option="-ladvapi32" />
					<Add option="-lshell32" />
					<Add option="-lole32" />
					<Add option="-loleaut32" />
					<Add option="-luuid" />
					<Add option="-lodbc32" />
					<Add option="-lodbccp32" />
					<Add option="-lws2_32" />
					<Add option="-lcomctl32" />
					<Add directory="C:/msys64/ucrt64/lib" />
				</Linker>
			</Target>
		</Build>
		<Unit filename="../src/kailleraclient/kailleraclient.c" />
		<Unit filename="../src/kailleraclient/kailleraclient.h" />
		<Unit filename="../src/kailleraclient/kailleramessages.h" />
		<Extensions>
			<lib_finder disable_auto="1" />
		</Extensions>
	</Project>
</CodeBlocks_project_file>
